// !$*UTF8*$!
{
	archiveVersion = 1;
	classes = {
	};
	objectVersion = 46;
	objects = {

/* Begin PBXBuildFile section */
		18765BD61B429A16007B59AC /* main.m in Sources */ = {isa = PBXBuildFile; fileRef = 18765BD51B429A16007B59AC /* main.m */; };
		18765BD91B429A16007B59AC /* AppDelegate.m in Sources */ = {isa = PBXBuildFile; fileRef = 18765BD81B429A16007B59AC /* AppDelegate.m */; };
		18765BDC1B429A16007B59AC /* ViewController.m in Sources */ = {isa = PBXBuildFile; fileRef = 18765BDB1B429A16007B59AC /* ViewController.m */; };
		18765BDF1B429A16007B59AC /* Main.storyboard in Resources */ = {isa = PBXBuildFile; fileRef = 18765BDD1B429A16007B59AC /* Main.storyboard */; };
		18765BE11B429A16007B59AC /* Images.xcassets in Resources */ = {isa = PBXBuildFile; fileRef = 18765BE01B429A16007B59AC /* Images.xcassets */; };
		18765BE41B429A16007B59AC /* LaunchScreen.xib in Resources */ = {isa = PBXBuildFile; fileRef = 18765BE21B429A16007B59AC /* LaunchScreen.xib */; };
		18765BF01B429A16007B59AC /* LocalNotificationTests.m in Sources */ = {isa = PBXBuildFile; fileRef = 18765BEF1B429A16007B59AC /* LocalNotificationTests.m */; };
/* End PBXBuildFile section */

/* Begin PBXContainerItemProxy section */
		18765BEA1B429A16007B59AC /* PBXContainerItemProxy */ = {
			isa = PBXContainerItemProxy;
			containerPortal = 18765BC81B429A16007B59AC /* Project object */;
			proxyType = 1;
			remoteGlobalIDString = 18765BCF1B429A16007B59AC;
			remoteInfo = LocalNotification;
		};
/* End PBXContainerItemProxy section */

/* Begin PBXFileReference section */
		18765BD01B429A16007B59AC /* LocalNotification.app */ = {isa = PBXFileReference; explicitFileType = wrapper.application; includeInIndex = 0; path = LocalNotification.app; sourceTree = BUILT_PRODUCTS_DIR; };
		18765BD41B429A16007B59AC /* Info.plist */ = {isa = PBXFileReference; lastKnownFileType = text.plist.xml; path = Info.plist; sourceTree = "<group>"; };
		18765BD51B429A16007B59AC /* main.m */ = {isa = PBXFileReference; lastKnownFileType = sourcecode.c.objc; path = main.m; sourceTree = "<group>"; };
		18765BD71B429A16007B59AC /* AppDelegate.h */ = {isa = PBXFileReference; lastKnownFileType = sourcecode.c.h; path = AppDelegate.h; sourceTree = "<group>"; };
		18765BD81B429A16007B59AC /* AppDelegate.m */ = {isa = PBXFileReference; lastKnownFileType = sourcecode.c.objc; path = AppDelegate.m; sourceTree = "<group>"; };
		18765BDA1B429A16007B59AC /* ViewController.h */ = {isa = PBXFileReference; lastKnownFileType = sourcecode.c.h; path = ViewController.h; sourceTree = "<group>"; };
		18765BDB1B429A16007B59AC /* ViewController.m */ = {isa = PBXFileReference; lastKnownFileType = sourcecode.c.objc; path = ViewController.m; sourceTree = "<group>"; };
		18765BDE1B429A16007B59AC /* Base */ = {isa = PBXFileReference; lastKnownFileType = file.storyboard; name = Base; path = Base.lproj/Main.storyboard; sourceTree = "<group>"; };
		18765BE01B429A16007B59AC /* Images.xcassets */ = {isa = PBXFileReference; lastKnownFileType = folder.assetcatalog; path = Images.xcassets; sourceTree = "<group>"; };
		18765BE31B429A16007B59AC /* Base */ = {isa = PBXFileReference; lastKnownFileType = file.xib; name = Base; path = Base.lproj/LaunchScreen.xib; sourceTree = "<group>"; };
		18765BE91B429A16007B59AC /* LocalNotificationTests.xctest */ = {isa = PBXFileReference; explicitFileType = wrapper.cfbundle; includeInIndex = 0; path = LocalNotificationTests.xctest; sourceTree = BUILT_PRODUCTS_DIR; };
		18765BEE1B429A16007B59AC /* Info.plist */ = {isa = PBXFileReference; lastKnownFileType = text.plist.xml; path = Info.plist; sourceTree = "<group>"; };
		18765BEF1B429A16007B59AC /* LocalNotificationTests.m */ = {isa = PBXFileReference; lastKnownFileType = sourcecode.c.objc; path = LocalNotificationTests.m; sourceTree = "<group>"; };
/* End PBXFileReference section */

/* Begin PBXFrameworksBuildPhase section */
		18765BCD1B429A16007B59AC /* Frameworks */ = {
			isa = PBXFrameworksBuildPhase;
			buildActionMask = 2147483647;
			files = (
			);
			runOnlyForDeploymentPostprocessing = 0;
		};
		18765BE61B429A16007B59AC /* Frameworks */ = {
			isa = PBXFrameworksBuildPhase;
			buildActionMask = 2147483647;
			files = (
			);
			runOnlyForDeploymentPostprocessing = 0;
		};
/* End PBXFrameworksBuildPhase section */

/* Begin PBXGroup section */
		18765BC71B429A16007B59AC = {
			isa = PBXGroup;
			children = (
				18765BD21B429A16007B59AC /* LocalNotification */,
				18765BEC1B429A16007B59AC /* LocalNotificationTests */,
				18765BD11B429A16007B59AC /* Products */,
			);
			sourceTree = "<group>";
		};
		18765BD11B429A16007B59AC /* Products */ = {
			isa = PBXGroup;
			children = (
				18765BD01B429A16007B59AC /* LocalNotification.app */,
				18765BE91B429A16007B59AC /* LocalNotificationTests.xctest */,
			);
			name = Products;
			sourceTree = "<group>";
		};
		18765BD21B429A16007B59AC /* LocalNotification */ = {
			isa = PBXGroup;
			children = (
				18765BD71B429A16007B59AC /* AppDelegate.h */,
				18765BD81B429A16007B59AC /* AppDelegate.m */,
				18765BDA1B429A16007B59AC /* ViewController.h */,
				18765BDB1B429A16007B59AC /* ViewController.m */,
				18765BDD1B429A16007B59AC /* Main.storyboard */,
				18765BE01B429A16007B59AC /* Images.xcassets */,
				18765BE21B429A16007B59AC /* LaunchScreen.xib */,
				18765BD31B429A16007B59AC /* Supporting Files */,
			);
			path = LocalNotification;
			sourceTree = "<group>";
		};
		18765BD31B429A16007B59AC /* Supporting Files */ = {
			isa = PBXGroup;
			children = (
				18765BD41B429A16007B59AC /* Info.plist */,
				18765BD51B429A16007B59AC /* main.m */,
			);
			name = "Supporting Files";
			sourceTree = "<group>";
		};
		18765BEC1B429A16007B59AC /* LocalNotificationTests */ = {
			isa = PBXGroup;
			children = (
				18765BEF1B429A16007B59AC /* LocalNotificationTests.m */,
				18765BED1B429A16007B59AC /* Supporting Files */,
			);
			path = LocalNotificationTests;
			sourceTree = "<group>";
		};
		18765BED1B429A16007B59AC /* Supporting Files */ = {
			isa = PBXGroup;
			children = (
				18765BEE1B429A16007B59AC /* Info.plist */,
			);
			name = "Supporting Files";
			sourceTree = "<group>";
		};
/* End PBXGroup section */

/* Begin PBXNativeTarget section */
		18765BCF1B429A16007B59AC /* LocalNotification */ = {
			isa = PBXNativeTarget;
			buildConfigurationList = 18765BF31B429A16007B59AC /* Build configuration list for PBXNativeTarget "LocalNotification" */;
			buildPhases = (
				18765BCC1B429A16007B59AC /* Sources */,
				18765BCD1B429A16007B59AC /* Frameworks */,
				18765BCE1B429A16007B59AC /* Resources */,
			);
			buildRules = (
			);
			dependencies = (
			);
			name = LocalNotification;
			productName = LocalNotification;
			productReference = 18765BD01B429A16007B59AC /* LocalNotification.app */;
			productType = "com.apple.product-type.application";
		};
		18765BE81B429A16007B59AC /* LocalNotificationTests */ = {
			isa = PBXNativeTarget;
			buildConfigurationList = 18765BF61B429A16007B59AC /* Build configuration list for PBXNativeTarget "LocalNotificationTests" */;
			buildPhases = (
				18765BE51B429A16007B59AC /* Sources */,
				18765BE61B429A16007B59AC /* Frameworks */,
				18765BE71B429A16007B59AC /* Resources */,
			);
			buildRules = (
			);
			dependencies = (
				18765BEB1B429A16007B59AC /* PBXTargetDependency */,
			);
			name = LocalNotificationTests;
			productName = LocalNotificationTests;
			productReference = 18765BE91B429A16007B59AC /* LocalNotificationTests.xctest */;
			productType = "com.apple.product-type.bundle.unit-test";
		};
/* End PBXNativeTarget section */

/* Begin PBXProject section */
		18765BC81B429A16007B59AC /* Project object */ = {
			isa = PBXProject;
			attributes = {
				LastUpgradeCheck = 0630;
				ORGANIZATIONNAME = shi;
				TargetAttributes = {
					18765BCF1B429A16007B59AC = {
						CreatedOnToolsVersion = 6.3.1;
					};
					18765BE81B429A16007B59AC = {
						CreatedOnToolsVersion = 6.3.1;
						TestTargetID = 18765BCF1B429A16007B59AC;
					};
				};
			};
			buildConfigurationList = 18765BCB1B429A16007B59AC /* Build configuration list for PBXProject "LocalNotification" */;
			compatibilityVersion = "Xcode 3.2";
			developmentRegion = English;
			hasScannedForEncodings = 0;
			knownRegions = (
				en,
				Base,
			);
			mainGroup = 18765BC71B429A16007B59AC;
			productRefGroup = 18765BD11B429A16007B59AC /* Products */;
			projectDirPath = "";
			projectRoot = "";
			targets = (
				18765BCF1B429A16007B59AC /* LocalNotification */,
				18765BE81B429A16007B59AC /* LocalNotificationTests */,
			);
		};
/* End PBXProject section */

/* Begin PBXResourcesBuildPhase section */
		18765BCE1B429A16007B59AC /* Resources */ = {
			isa = PBXResourcesBuildPhase;
			buildActionMask = 2147483647;
			files = (
				18765BDF1B429A16007B59AC /* Main.storyboard in Resources */,
				18765BE41B429A16007B59AC /* LaunchScreen.xib in Resources */,
				18765BE11B429A16007B59AC /* Images.xcassets in Resources */,
			);
			runOnlyForDeploymentPostprocessing = 0;
		};
		18765BE71B429A16007B59AC /* Resources */ = {
			isa = PBXResourcesBuildPhase;
			buildActionMask = 2147483647;
			files = (
			);
			runOnlyForDeploymentPostprocessing = 0;
		};
/* End PBXResourcesBuildPhase section */

/* Begin PBXSourcesBuildPhase section */
		18765BCC1B429A16007B59AC /* Sources */ = {
			isa = PBXSourcesBuildPhase;
			buildActionMask = 2147483647;
			files = (
				18765BDC1B429A16007B59AC /* ViewController.m in Sources */,
				18765BD91B429A16007B59AC /* AppDelegate.m in Sources */,
				18765BD61B429A16007B59AC /* main.m in Sources */,
			);
			runOnlyForDeploymentPostprocessing = 0;
		};
		18765BE51B429A16007B59AC /* Sources */ = {
			isa = PBXSourcesBuildPhase;
			buildActionMask = 2147483647;
			files = (
				18765BF01B429A16007B59AC /* LocalNotificationTests.m in Sources */,
			);
			runOnlyForDeploymentPostprocessing = 0;
		};
/* End PBXSourcesBuildPhase section */

/* Begin PBXTargetDependency section */
		18765BEB1B429A16007B59AC /* PBXTargetDependency */ = {
			isa = PBXTargetDependency;
			target = 18765BCF1B429A16007B59AC /* LocalNotification */;
			targetProxy = 18765BEA1B429A16007B59AC /* PBXContainerItemProxy */;
		};
/* End PBXTargetDependency section */

/* Begin PBXVariantGroup section */
		18765BDD1B429A16007B59AC /* Main.storyboard */ = {
			isa = PBXVariantGroup;
			children = (
				18765BDE1B429A16007B59AC /* Base */,
			);
			name = Main.storyboard;
			sourceTree = "<group>";
		};
		18765BE21B429A16007B59AC /* LaunchScreen.xib */ = {
			isa = PBXVariantGroup;
			children = (
				18765BE31B429A16007B59AC /* Base */,
			);
			name = LaunchScreen.xib;
			sourceTree = "<group>";
		};
/* End PBXVariantGroup section */

/* Begin XCBuildConfiguration section */
		18765BF11B429A16007B59AC /* Debug */ = {
			isa = XCBuildConfiguration;
			buildSettings = {
				ALWAYS_SEARCH_USER_PATHS = NO;
				CLANG_CXX_LANGUAGE_STANDARD = "gnu++0x";
				CLANG_CXX_LIBRARY = "libc++";
				CLANG_ENABLE_MODULES = YES;
				CLANG_ENABLE_OBJC_ARC = YES;
				CLANG_WARN_BOOL_CONVERSION = YES;
				CLANG_WARN_CONSTANT_CONVERSION = YES;
				CLANG_WARN_DIRECT_OBJC_ISA_USAGE = YES_ERROR;
				CLANG_WARN_EMPTY_BODY = YES;
				CLANG_WARN_ENUM_CONVERSION = YES;
				CLANG_WARN_INT_CONVERSION = YES;
				CLANG_WARN_OBJC_ROOT_CLASS = YES_ERROR;
				CLANG_WARN_UNREACHABLE_CODE = YES;
				CLANG_WARN__DUPLICATE_METHOD_MATCH = YES;
				"CODE_SIGN_IDENTITY[sdk=iphoneos*]" = "iPhone Developer";
				COPY_PHASE_STRIP = NO;
				DEBUG_INFORMATION_FORMAT = "dwarf-with-dsym";
				ENABLE_STRICT_OBJC_MSGSEND = YES;
				GCC_C_LANGUAGE_STANDARD = gnu99;
				GCC_DYNAMIC_NO_PIC = NO;
				GCC_NO_COMMON_BLOCKS = YES;
				GCC_OPTIMIZATION_LEVEL = 0;
				GCC_PREPROCESSOR_DEFINITIONS = (
					"DEBUG=1",
					"$(inherited)",
				);
				GCC_SYMBOLS_PRIVATE_EXTERN = NO;
				GCC_WARN_64_TO_32_BIT_CONVERSION = YES;
				GCC_WARN_ABOUT_RETURN_TYPE = YES_ERROR;
				GCC_WARN_UNDECLARED_SELECTOR = YES;
				GCC_WARN_UNINITIALIZED_AUTOS = YES_AGGRESSIVE;
				GCC_WARN_UNUSED_FUNCTION = YES;
				GCC_WARN_UNUSED_VARIABLE = YES;
				IPHONEOS_DEPLOYMENT_TARGET = 8.3;
				MTL_ENABLE_DEBUG_INFO = YES;
				ONLY_ACTIVE_ARCH = YES;
				SDKROOT = iphoneos;
			};
			name = Debug;
		};
		18765BF21B429A16007B59AC /* Release */ = {
			isa = XCBuildConfiguration;
			buildSettings = {
				ALWAYS_SEARCH_USER_PATHS = NO;
				CLANG_CXX_LANGUAGE_STANDARD = "gnu++0x";
				CLANG_CXX_LIBRARY = "libc++";
				CLANG_ENABLE_MODULES = YES;
				CLANG_ENABLE_OBJC_ARC = YES;
				CLANG_WARN_BOOL_CONVERSION = YES;
				CLANG_WARN_CONSTANT_CONVERSION = YES;
				CLANG_WARN_DIRECT_OBJC_ISA_USAGE = YES_ERROR;
				CLANG_WARN_EMPTY_BODY = YES;
				CLANG_WARN_ENUM_CONVERSION = YES;
				CLANG_WARN_INT_CONVERSION = YES;
				CLANG_WARN_OBJC_ROOT_CLASS = YES_ERROR;
				CLANG_WARN_UNREACHABLE_CODE = YES;
				CLANG_WARN__DUPLICATE_METHOD_MATCH = YES;
				"CODE_SIGN_IDENTITY[sdk=iphoneos*]" = "iPhone Developer";
				COPY_PHASE_STRIP = NO;
				DEBUG_INFORMATION_FORMAT = "dwarf-with-dsym";
				ENABLE_NS_ASSERTIONS = NO;
				ENABLE_STRICT_OBJC_MSGSEND = YES;
				GCC_C_LANGUAGE_STANDARD = gnu99;
				GCC_NO_COMMON_BLOCKS = YES;
				GCC_WARN_64_TO_32_BIT_CONVERSION = YES;
				GCC_WARN_ABOUT_RETURN_TYPE = YES_ERROR;
				GCC_WARN_UNDECLARED_SELECTOR = YES;
				GCC_WARN_UNINITIALIZED_AUTOS = YES_AGGRESSIVE;
				GCC_WARN_UNUSED_FUNCTION = YES;
				GCC_WARN_UNUSED_VARIABLE = YES;
				IPHONEOS_DEPLOYMENT_TARGET = 8.3;
				MTL_ENABLE_DEBUG_INFO = NO;
				SDKROOT = iphoneos;
				VALIDATE_PRODUCT = YES;
			};
			name = Release;
		};
		18765BF41B429A16007B59AC /* Debug */ = {
			isa = XCBuildConfiguration;
			buildSettings = {
				ASSETCATALOG_COMPILER_APPICON_NAME = AppIcon;
				INFOPLIST_FILE = LocalNotification/Info.plist;
				LD_RUNPATH_SEARCH_PATHS = "$(inherited) @executable_path/Frameworks";
				PRODUCT_NAME = "$(TARGET_NAME)";
			};
			name = Debug;
		};
		18765BF51B429A16007B59AC /* Release */ = {
			isa = XCBuildConfiguration;
			buildSettings = {
				ASSETCATALOG_COMPILER_APPICON_NAME = AppIcon;
				INFOPLIST_FILE = LocalNotification/Info.plist;
				LD_RUNPATH_SEARCH_PATHS = "$(inherited) @executable_path/Frameworks";
				PRODUCT_NAME = "$(TARGET_NAME)";
			};
			name = Release;
		};
		18765BF71B429A16007B59AC /* Debug */ = {
			isa = XCBuildConfiguration;
			buildSettings = {
				BUNDLE_LOADER = "$(TEST_HOST)";
				FRAMEWORK_SEARCH_PATHS = (
					"$(SDKROOT)/Developer/Library/Frameworks",
					"$(inherited)",
				);
				GCC_PREPROCESSOR_DEFINITIONS = (
					"DEBUG=1",
					"$(inherited)",
				);
				INFOPLIST_FILE = LocalNotificationTests/Info.plist;
				LD_RUNPATH_SEARCH_PATHS = "$(inherited) @executable_path/Frameworks @loader_path/Frameworks";
				PRODUCT_NAME = "$(TARGET_NAME)";
				TEST_HOST = "$(BUILT_PRODUCTS_DIR)/LocalNotification.app/LocalNotification";
			};
			name = Debug;
		};
		18765BF81B429A16007B59AC /* Release */ = {
			isa = XCBuildConfiguration;
			buildSettings = {
				BUNDLE_LOADER = "$(TEST_HOST)";
				FRAMEWORK_SEARCH_PATHS = (
					"$(SDKROOT)/Developer/Library/Frameworks",
					"$(inherited)",
				);
				INFOPLIST_FILE = LocalNotificationTests/Info.plist;
				LD_RUNPATH_SEARCH_PATHS = "$(inherited) @executable_path/Frameworks @loader_path/Frameworks";
				PRODUCT_NAME = "$(TARGET_NAME)";
				TEST_HOST = "$(BUILT_PRODUCTS_DIR)/LocalNotification.app/LocalNotification";
			};
			name = Release;
		};
/* End XCBuildConfiguration section */

/* Begin XCConfigurationList section */
		18765BCB1B429A16007B59AC /* Build configuration list for PBXProject "LocalNotification" */ = {
			isa = XCConfigurationList;
			buildConfigurations = (
				18765BF11B429A16007B59AC /* Debug */,
				18765BF21B429A16007B59AC /* Release */,
			);
			defaultConfigurationIsVisible = 0;
			defaultConfigurationName = Release;
		};
		18765BF31B429A16007B59AC /* Build configuration list for PBXNativeTarget "LocalNotification" */ = {
			isa = XCConfigurationList;
			buildConfigurations = (
				18765BF41B429A16007B59AC /* Debug */,
				18765BF51B429A16007B59AC /* Release */,
			);
			defaultConfigurationIsVisible = 0;
		};
		18765BF61B429A16007B59AC /* Build configuration list for PBXNativeTarget "LocalNotificationTests" */ = {
			isa = XCConfigurationList;
			buildConfigurations = (
				18765BF71B429A16007B59AC /* Debug */,
				18765BF81B429A16007B59AC /* Release */,
			);
			defaultConfigurationIsVisible = 0;
		};
/* End XCConfigurationList section */
	};
	rootObject = 18765BC81B429A16007B59AC /* Project object */;
}
