// !$*UTF8*$!
{
	archiveVersion = 1;
	classes = {
	};
	objectVersion = 46;
	objects = {

/* Begin PBXBuildFile section */
		18765BA41B4294C8007B59AC /* main.m in Sources */ = {isa = PBXBuildFile; fileRef = 18765BA31B4294C8007B59AC /* main.m */; };
		18765BA71B4294C8007B59AC /* AppDelegate.m in Sources */ = {isa = PBXBuildFile; fileRef = 18765BA61B4294C8007B59AC /* AppDelegate.m */; };
		18765BAF1B4294C8007B59AC /* Images.xcassets in Resources */ = {isa = PBXBuildFile; fileRef = 18765BAE1B4294C8007B59AC /* Images.xcassets */; };
		18765BBE1B4294C8007B59AC /* emptyTests.m in Sources */ = {isa = PBXBuildFile; fileRef = 18765BBD1B4294C8007B59AC /* emptyTests.m */; };
/* End PBXBuildFile section */

/* Begin PBXContainerItemProxy section */
		18765BB81B4294C8007B59AC /* PBXContainerItemProxy */ = {
			isa = PBXContainerItemProxy;
			containerPortal = 18765B961B4294C7007B59AC /* Project object */;
			proxyType = 1;
			remoteGlobalIDString = 18765B9D1B4294C7007B59AC;
			remoteInfo = empty;
		};
/* End PBXContainerItemProxy section */

/* Begin PBXFileReference section */
		18765B9E1B4294C7007B59AC /* empty.app */ = {isa = PBXFileReference; explicitFileType = wrapper.application; includeInIndex = 0; path = empty.app; sourceTree = BUILT_PRODUCTS_DIR; };
		18765BA21B4294C7007B59AC /* Info.plist */ = {isa = PBXFileReference; lastKnownFileType = text.plist.xml; path = Info.plist; sourceTree = "<group>"; };
		18765BA31B4294C8007B59AC /* main.m */ = {isa = PBXFileReference; lastKnownFileType = sourcecode.c.objc; path = main.m; sourceTree = "<group>"; };
		18765BA51B4294C8007B59AC /* AppDelegate.h */ = {isa = PBXFileReference; lastKnownFileType = sourcecode.c.h; path = AppDelegate.h; sourceTree = "<group>"; };
		18765BA61B4294C8007B59AC /* AppDelegate.m */ = {isa = PBXFileReference; lastKnownFileType = sourcecode.c.objc; path = AppDelegate.m; sourceTree = "<group>"; };
		18765BAE1B4294C8007B59AC /* Images.xcassets */ = {isa = PBXFileReference; lastKnownFileType = folder.assetcatalog; path = Images.xcassets; sourceTree = "<group>"; };
		18765BB71B4294C8007B59AC /* emptyTests.xctest */ = {isa = PBXFileReference; explicitFileType = wrapper.cfbundle; includeInIndex = 0; path = emptyTests.xctest; sourceTree = BUILT_PRODUCTS_DIR; };
		18765BBC1B4294C8007B59AC /* Info.plist */ = {isa = PBXFileReference; lastKnownFileType = text.plist.xml; path = Info.plist; sourceTree = "<group>"; };
		18765BBD1B4294C8007B59AC /* emptyTests.m */ = {isa = PBXFileReference; lastKnownFileType = sourcecode.c.objc; path = emptyTests.m; sourceTree = "<group>"; };
/* End PBXFileReference section */

/* Begin PBXFrameworksBuildPhase section */
		18765B9B1B4294C7007B59AC /* Frameworks */ = {
			isa = PBXFrameworksBuildPhase;
			buildActionMask = 2147483647;
			files = (
			);
			runOnlyForDeploymentPostprocessing = 0;
		};
		18765BB41B4294C8007B59AC /* Frameworks */ = {
			isa = PBXFrameworksBuildPhase;
			buildActionMask = 2147483647;
			files = (
			);
			runOnlyForDeploymentPostprocessing = 0;
		};
/* End PBXFrameworksBuildPhase section */

/* Begin PBXGroup section */
		18765B951B4294C7007B59AC = {
			isa = PBXGroup;
			children = (
				18765BA01B4294C7007B59AC /* empty */,
				18765BBA1B4294C8007B59AC /* emptyTests */,
				18765B9F1B4294C7007B59AC /* Products */,
			);
			sourceTree = "<group>";
		};
		18765B9F1B4294C7007B59AC /* Products */ = {
			isa = PBXGroup;
			children = (
				18765B9E1B4294C7007B59AC /* empty.app */,
				18765BB71B4294C8007B59AC /* emptyTests.xctest */,
			);
			name = Products;
			sourceTree = "<group>";
		};
		18765BA01B4294C7007B59AC /* empty */ = {
			isa = PBXGroup;
			children = (
				18765BA51B4294C8007B59AC /* AppDelegate.h */,
				18765BA61B4294C8007B59AC /* AppDelegate.m */,
				18765BAE1B4294C8007B59AC /* Images.xcassets */,
				18765BA11B4294C7007B59AC /* Supporting Files */,
			);
			path = empty;
			sourceTree = "<group>";
		};
		18765BA11B4294C7007B59AC /* Supporting Files */ = {
			isa = PBXGroup;
			children = (
				18765BA21B4294C7007B59AC /* Info.plist */,
				18765BA31B4294C8007B59AC /* main.m */,
			);
			name = "Supporting Files";
			sourceTree = "<group>";
		};
		18765BBA1B4294C8007B59AC /* emptyTests */ = {
			isa = PBXGroup;
			children = (
				18765BBD1B4294C8007B59AC /* emptyTests.m */,
				18765BBB1B4294C8007B59AC /* Supporting Files */,
			);
			path = emptyTests;
			sourceTree = "<group>";
		};
		18765BBB1B4294C8007B59AC /* Supporting Files */ = {
			isa = PBXGroup;
			children = (
				18765BBC1B4294C8007B59AC /* Info.plist */,
			);
			name = "Supporting Files";
			sourceTree = "<group>";
		};
/* End PBXGroup section */

/* Begin PBXNativeTarget section */
		18765B9D1B4294C7007B59AC /* empty */ = {
			isa = PBXNativeTarget;
			buildConfigurationList = 18765BC11B4294C8007B59AC /* Build configuration list for PBXNativeTarget "empty" */;
			buildPhases = (
				18765B9A1B4294C7007B59AC /* Sources */,
				18765B9B1B4294C7007B59AC /* Frameworks */,
				18765B9C1B4294C7007B59AC /* Resources */,
			);
			buildRules = (
			);
			dependencies = (
			);
			name = empty;
			productName = empty;
			productReference = 18765B9E1B4294C7007B59AC /* empty.app */;
			productType = "com.apple.product-type.application";
		};
		18765BB61B4294C8007B59AC /* emptyTests */ = {
			isa = PBXNativeTarget;
			buildConfigurationList = 18765BC41B4294C8007B59AC /* Build configuration list for PBXNativeTarget "emptyTests" */;
			buildPhases = (
				18765BB31B4294C8007B59AC /* Sources */,
				18765BB41B4294C8007B59AC /* Frameworks */,
				18765BB51B4294C8007B59AC /* Resources */,
			);
			buildRules = (
			);
			dependencies = (
				18765BB91B4294C8007B59AC /* PBXTargetDependency */,
			);
			name = emptyTests;
			productName = emptyTests;
			productReference = 18765BB71B4294C8007B59AC /* emptyTests.xctest */;
			productType = "com.apple.product-type.bundle.unit-test";
		};
/* End PBXNativeTarget section */

/* Begin PBXProject section */
		18765B961B4294C7007B59AC /* Project object */ = {
			isa = PBXProject;
			attributes = {
				LastUpgradeCheck = 0630;
				ORGANIZATIONNAME = shi;
				TargetAttributes = {
					18765B9D1B4294C7007B59AC = {
						CreatedOnToolsVersion = 6.3.1;
					};
					18765BB61B4294C8007B59AC = {
						CreatedOnToolsVersion = 6.3.1;
						TestTargetID = 18765B9D1B4294C7007B59AC;
					};
				};
			};
			buildConfigurationList = 18765B991B4294C7007B59AC /* Build configuration list for PBXProject "empty" */;
			compatibilityVersion = "Xcode 3.2";
			developmentRegion = English;
			hasScannedForEncodings = 0;
			knownRegions = (
				en,
				Base,
			);
			mainGroup = 18765B951B4294C7007B59AC;
			productRefGroup = 18765B9F1B4294C7007B59AC /* Products */;
			projectDirPath = "";
			projectRoot = "";
			targets = (
				18765B9D1B4294C7007B59AC /* empty */,
				18765BB61B4294C8007B59AC /* emptyTests */,
			);
		};
/* End PBXProject section */

/* Begin PBXResourcesBuildPhase section */
		18765B9C1B4294C7007B59AC /* Resources */ = {
			isa = PBXResourcesBuildPhase;
			buildActionMask = 2147483647;
			files = (
				18765BAF1B4294C8007B59AC /* Images.xcassets in Resources */,
			);
			runOnlyForDeploymentPostprocessing = 0;
		};
		18765BB51B4294C8007B59AC /* Resources */ = {
			isa = PBXResourcesBuildPhase;
			buildActionMask = 2147483647;
			files = (
			);
			runOnlyForDeploymentPostprocessing = 0;
		};
/* End PBXResourcesBuildPhase section */

/* Begin PBXSourcesBuildPhase section */
		18765B9A1B4294C7007B59AC /* Sources */ = {
			isa = PBXSourcesBuildPhase;
			buildActionMask = 2147483647;
			files = (
				18765BA71B4294C8007B59AC /* AppDelegate.m in Sources */,
				18765BA41B4294C8007B59AC /* main.m in Sources */,
			);
			runOnlyForDeploymentPostprocessing = 0;
		};
		18765BB31B4294C8007B59AC /* Sources */ = {
			isa = PBXSourcesBuildPhase;
			buildActionMask = 2147483647;
			files = (
				18765BBE1B4294C8007B59AC /* emptyTests.m in Sources */,
			);
			runOnlyForDeploymentPostprocessing = 0;
		};
/* End PBXSourcesBuildPhase section */

/* Begin PBXTargetDependency section */
		18765BB91B4294C8007B59AC /* PBXTargetDependency */ = {
			isa = PBXTargetDependency;
			target = 18765B9D1B4294C7007B59AC /* empty */;
			targetProxy = 18765BB81B4294C8007B59AC /* PBXContainerItemProxy */;
		};
/* End PBXTargetDependency section */

/* Begin XCBuildConfiguration section */
		18765BBF1B4294C8007B59AC /* Debug */ = {
			isa = XCBuildConfiguration;
			buildSettings = {
				ALWAYS_SEARCH_USER_PATHS = NO;
				CLANG_CXX_LANGUAGE_STANDARD = "gnu++0x";
				CLANG_CXX_LIBRARY = "libc++";
				CLANG_ENABLE_MODULES = YES;
				CLANG_ENABLE_OBJC_ARC = YES;
				CLANG_WARN_BOOL_CONVERSION = YES;
				CLANG_WARN_CONSTANT_CONVERSION = YES;
				CLANG_WARN_DIRECT_OBJC_ISA_USAGE = YES_ERROR;
				CLANG_WARN_EMPTY_BODY = YES;
				CLANG_WARN_ENUM_CONVERSION = YES;
				CLANG_WARN_INT_CONVERSION = YES;
				CLANG_WARN_OBJC_ROOT_CLASS = YES_ERROR;
				CLANG_WARN_UNREACHABLE_CODE = YES;
				CLANG_WARN__DUPLICATE_METHOD_MATCH = YES;
				"CODE_SIGN_IDENTITY[sdk=iphoneos*]" = "iPhone Developer";
				COPY_PHASE_STRIP = NO;
				DEBUG_INFORMATION_FORMAT = "dwarf-with-dsym";
				ENABLE_STRICT_OBJC_MSGSEND = YES;
				GCC_C_LANGUAGE_STANDARD = gnu99;
				GCC_DYNAMIC_NO_PIC = NO;
				GCC_NO_COMMON_BLOCKS = YES;
				GCC_OPTIMIZATION_LEVEL = 0;
				GCC_PREPROCESSOR_DEFINITIONS = (
					"DEBUG=1",
					"$(inherited)",
				);
				GCC_SYMBOLS_PRIVATE_EXTERN = NO;
				GCC_WARN_64_TO_32_BIT_CONVERSION = YES;
				GCC_WARN_ABOUT_RETURN_TYPE = YES_ERROR;
				GCC_WARN_UNDECLARED_SELECTOR = YES;
				GCC_WARN_UNINITIALIZED_AUTOS = YES_AGGRESSIVE;
				GCC_WARN_UNUSED_FUNCTION = YES;
				GCC_WARN_UNUSED_VARIABLE = YES;
				IPHONEOS_DEPLOYMENT_TARGET = 8.3;
				MTL_ENABLE_DEBUG_INFO = YES;
				ONLY_ACTIVE_ARCH = YES;
				SDKROOT = iphoneos;
			};
			name = Debug;
		};
		18765BC01B4294C8007B59AC /* Release */ = {
			isa = XCBuildConfiguration;
			buildSettings = {
				ALWAYS_SEARCH_USER_PATHS = NO;
				CLANG_CXX_LANGUAGE_STANDARD = "gnu++0x";
				CLANG_CXX_LIBRARY = "libc++";
				CLANG_ENABLE_MODULES = YES;
				CLANG_ENABLE_OBJC_ARC = YES;
				CLANG_WARN_BOOL_CONVERSION = YES;
				CLANG_WARN_CONSTANT_CONVERSION = YES;
				CLANG_WARN_DIRECT_OBJC_ISA_USAGE = YES_ERROR;
				CLANG_WARN_EMPTY_BODY = YES;
				CLANG_WARN_ENUM_CONVERSION = YES;
				CLANG_WARN_INT_CONVERSION = YES;
				CLANG_WARN_OBJC_ROOT_CLASS = YES_ERROR;
				CLANG_WARN_UNREACHABLE_CODE = YES;
				CLANG_WARN__DUPLICATE_METHOD_MATCH = YES;
				"CODE_SIGN_IDENTITY[sdk=iphoneos*]" = "iPhone Developer";
				COPY_PHASE_STRIP = NO;
				DEBUG_INFORMATION_FORMAT = "dwarf-with-dsym";
				ENABLE_NS_ASSERTIONS = NO;
				ENABLE_STRICT_OBJC_MSGSEND = YES;
				GCC_C_LANGUAGE_STANDARD = gnu99;
				GCC_NO_COMMON_BLOCKS = YES;
				GCC_WARN_64_TO_32_BIT_CONVERSION = YES;
				GCC_WARN_ABOUT_RETURN_TYPE = YES_ERROR;
				GCC_WARN_UNDECLARED_SELECTOR = YES;
				GCC_WARN_UNINITIALIZED_AUTOS = YES_AGGRESSIVE;
				GCC_WARN_UNUSED_FUNCTION = YES;
				GCC_WARN_UNUSED_VARIABLE = YES;
				IPHONEOS_DEPLOYMENT_TARGET = 8.3;
				MTL_ENABLE_DEBUG_INFO = NO;
				SDKROOT = iphoneos;
				VALIDATE_PRODUCT = YES;
			};
			name = Release;
		};
		18765BC21B4294C8007B59AC /* Debug */ = {
			isa = XCBuildConfiguration;
			buildSettings = {
				ASSETCATALOG_COMPILER_APPICON_NAME = AppIcon;
				INFOPLIST_FILE = empty/Info.plist;
				LD_RUNPATH_SEARCH_PATHS = "$(inherited) @executable_path/Frameworks";
				PRODUCT_NAME = "$(TARGET_NAME)";
			};
			name = Debug;
		};
		18765BC31B4294C8007B59AC /* Release */ = {
			isa = XCBuildConfiguration;
			buildSettings = {
				ASSETCATALOG_COMPILER_APPICON_NAME = AppIcon;
				INFOPLIST_FILE = empty/Info.plist;
				LD_RUNPATH_SEARCH_PATHS = "$(inherited) @executable_path/Frameworks";
				PRODUCT_NAME = "$(TARGET_NAME)";
			};
			name = Release;
		};
		18765BC51B4294C8007B59AC /* Debug */ = {
			isa = XCBuildConfiguration;
			buildSettings = {
				BUNDLE_LOADER = "$(TEST_HOST)";
				FRAMEWORK_SEARCH_PATHS = (
					"$(SDKROOT)/Developer/Library/Frameworks",
					"$(inherited)",
				);
				GCC_PREPROCESSOR_DEFINITIONS = (
					"DEBUG=1",
					"$(inherited)",
				);
				INFOPLIST_FILE = emptyTests/Info.plist;
				LD_RUNPATH_SEARCH_PATHS = "$(inherited) @executable_path/Frameworks @loader_path/Frameworks";
				PRODUCT_NAME = "$(TARGET_NAME)";
				TEST_HOST = "$(BUILT_PRODUCTS_DIR)/empty.app/empty";
			};
			name = Debug;
		};
		18765BC61B4294C8007B59AC /* Release */ = {
			isa = XCBuildConfiguration;
			buildSettings = {
				BUNDLE_LOADER = "$(TEST_HOST)";
				FRAMEWORK_SEARCH_PATHS = (
					"$(SDKROOT)/Developer/Library/Frameworks",
					"$(inherited)",
				);
				INFOPLIST_FILE = emptyTests/Info.plist;
				LD_RUNPATH_SEARCH_PATHS = "$(inherited) @executable_path/Frameworks @loader_path/Frameworks";
				PRODUCT_NAME = "$(TARGET_NAME)";
				TEST_HOST = "$(BUILT_PRODUCTS_DIR)/empty.app/empty";
			};
			name = Release;
		};
/* End XCBuildConfiguration section */

/* Begin XCConfigurationList section */
		18765B991B4294C7007B59AC /* Build configuration list for PBXProject "empty" */ = {
			isa = XCConfigurationList;
			buildConfigurations = (
				18765BBF1B4294C8007B59AC /* Debug */,
				18765BC01B4294C8007B59AC /* Release */,
			);
			defaultConfigurationIsVisible = 0;
			defaultConfigurationName = Release;
		};
		18765BC11B4294C8007B59AC /* Build configuration list for PBXNativeTarget "empty" */ = {
			isa = XCConfigurationList;
			buildConfigurations = (
				18765BC21B4294C8007B59AC /* Debug */,
				18765BC31B4294C8007B59AC /* Release */,
			);
			defaultConfigurationIsVisible = 0;
		};
		18765BC41B4294C8007B59AC /* Build configuration list for PBXNativeTarget "emptyTests" */ = {
			isa = XCConfigurationList;
			buildConfigurations = (
				18765BC51B4294C8007B59AC /* Debug */,
				18765BC61B4294C8007B59AC /* Release */,
			);
			defaultConfigurationIsVisible = 0;
		};
/* End XCConfigurationList section */
	};
	rootObject = 18765B961B4294C7007B59AC /* Project object */;
}
